
Microsoft Visual Studio Solution File, Format Version 12.00
# Visual Studio Version 17
VisualStudioVersion = 17.8.34330.188
MinimumVisualStudioVersion = 10.0.40219.1
Project("{FAE04EC0-301F-11D3-BF4B-00C04F79EFBC}") = "Order.API", "Order.API\Order.API.csproj", "{8173A340-F158-4081-90FE-FFE58D9AC917}"
EndProject
Project("{FAE04EC0-301F-11D3-BF4B-00C04F79EFBC}") = "Payment.API", "Payment.API\Payment.API.csproj", "{5E3E9E6E-BF69-4A46-8C97-0285E7863AE5}"
EndProject
Project("{FAE04EC0-301F-11D3-BF4B-00C04F79EFBC}") = "Stock.API", "Stock.API\Stock.API.csproj", "{B0DEBC9E-B5C6-4F69-8779-CC8D0D432457}"
EndProject
Project("{FAE04EC0-301F-11D3-BF4B-00C04F79EFBC}") = "Shared", "Shared\Shared.csproj", "{AD6915FF-73F2-4CA0-95AD-6372907A17EE}"
EndProject
Global
	GlobalSection(SolutionConfigurationPlatforms) = preSolution
		Debug|Any CPU = Debug|Any CPU
		Release|Any CPU = Release|Any CPU
	EndGlobalSection
	GlobalSection(ProjectConfigurationPlatforms) = postSolution
		{8173A340-F158-4081-90FE-FFE58D9AC917}.Debug|Any CPU.ActiveCfg = Debug|Any CPU
		{8173A340-F158-4081-90FE-FFE58D9AC917}.Debug|Any CPU.Build.0 = Debug|Any CPU
		{8173A340-F158-4081-90FE-FFE58D9AC917}.Release|Any CPU.ActiveCfg = Release|Any CPU
		{8173A340-F158-4081-90FE-FFE58D9AC917}.Release|Any CPU.Build.0 = Release|Any CPU
		{5E3E9E6E-BF69-4A46-8C97-0285E7863AE5}.Debug|Any CPU.ActiveCfg = Debug|Any CPU
		{5E3E9E6E-BF69-4A46-8C97-0285E7863AE5}.Debug|Any CPU.Build.0 = Debug|Any CPU
		{5E3E9E6E-BF69-4A46-8C97-0285E7863AE5}.Release|Any CPU.ActiveCfg = Release|Any CPU
		{5E3E9E6E-BF69-4A46-8C97-0285E7863AE5}.Release|Any CPU.Build.0 = Release|Any CPU
		{B0DEBC9E-B5C6-4F69-8779-CC8D0D432457}.Debug|Any CPU.ActiveCfg = Debug|Any CPU
		{B0DEBC9E-B5C6-4F69-8779-CC8D0D432457}.Debug|Any CPU.Build.0 = Debug|Any CPU
		{B0DEBC9E-B5C6-4F69-8779-CC8D0D432457}.Release|Any CPU.ActiveCfg = Release|Any CPU
		{B0DEBC9E-B5C6-4F69-8779-CC8D0D432457}.Release|Any CPU.Build.0 = Release|Any CPU
		{AD6915FF-73F2-4CA0-95AD-6372907A17EE}.Debug|Any CPU.ActiveCfg = Debug|Any CPU
		{AD6915FF-73F2-4CA0-95AD-6372907A17EE}.Debug|Any CPU.Build.0 = Debug|Any CPU
		{AD6915FF-73F2-4CA0-95AD-6372907A17EE}.Release|Any CPU.ActiveCfg = Release|Any CPU
		{AD6915FF-73F2-4CA0-95AD-6372907A17EE}.Release|Any CPU.Build.0 = Release|Any CPU
	EndGlobalSection
	GlobalSection(SolutionProperties) = preSolution
		HideSolutionNode = FALSE
	EndGlobalSection
	GlobalSection(ExtensibilityGlobals) = postSolution
		SolutionGuid = {C456C6A8-22FB-42BE-B113-BBCB2ADF1FD3}
	EndGlobalSection
EndGlobal
